
Microsoft Visual Studio Solution File, Format Version 12.00
# Visual Studio 2012
Project("{FAE04EC0-301F-11D3-BF4B-00C04F79EFBC}") = "MvcMusicStore", "MvcMusicStore\MvcMusicStore.csproj", "{8F0D491D-5932-4764-A6D7-9B8F3606942D}"
EndProject
Global
	GlobalSection(SolutionConfigurationPlatforms) = preSolution
		Debug|Any CPU = Debug|Any CPU
		Release|Any CPU = Release|Any CPU
	EndGlobalSection
	GlobalSection(ProjectConfigurationPlatforms) = postSolution
		{8F0D491D-5932-4764-A6D7-9B8F3606942D}.Debug|Any CPU.ActiveCfg = Debug|Any CPU
		{8F0D491D-5932-4764-A6D7-9B8F3606942D}.Debug|Any CPU.Build.0 = Debug|Any CPU
		{8F0D491D-5932-4764-A6D7-9B8F3606942D}.Release|Any CPU.ActiveCfg = Release|Any CPU
		{8F0D491D-5932-4764-A6D7-9B8F3606942D}.Release|Any CPU.Build.0 = Release|Any CPU
	EndGlobalSection
	GlobalSection(SolutionProperties) = preSolution
		HideSolutionNode = FALSE
	EndGlobalSection
EndGlobal
